
Microsoft Visual Studio Solution File, Format Version 12.00
# Visual Studio Version 17
VisualStudioVersion = 17.8.34525.116
MinimumVisualStudioVersion = 10.0.40219.1
Project("{FAE04EC0-301F-11D3-BF4B-00C04F79EFBC}") = "TopicFinder", "TopicFinder\TopicFinder.csproj", "{C3FFE706-8A54-4AB7-B883-158CB0BDB9F0}"
EndProject
Global
	GlobalSection(SolutionConfigurationPlatforms) = preSolution
		Debug|Any CPU = Debug|Any CPU
		Release|Any CPU = Release|Any CPU
	EndGlobalSection
	GlobalSection(ProjectConfigurationPlatforms) = postSolution
		{C3FFE706-8A54-4AB7-B883-158CB0BDB9F0}.Debug|Any CPU.ActiveCfg = Debug|Any CPU
		{C3FFE706-8A54-4AB7-B883-158CB0BDB9F0}.Debug|Any CPU.Build.0 = Debug|Any CPU
		{C3FFE706-8A54-4AB7-B883-158CB0BDB9F0}.Release|Any CPU.ActiveCfg = Release|Any CPU
		{C3FFE706-8A54-4AB7-B883-158CB0BDB9F0}.Release|Any CPU.Build.0 = Release|Any CPU
	EndGlobalSection
	GlobalSection(SolutionProperties) = preSolution
		HideSolutionNode = FALSE
	EndGlobalSection
	GlobalSection(ExtensibilityGlobals) = postSolution
		SolutionGuid = {3DE58EA6-B7C9-44C4-BE6C-138E2644279C}
	EndGlobalSection
EndGlobal
